
Microsoft Visual Studio Solution File, Format Version 11.00
# Visual Studio 2010
Project("{E24C65DC-7377-472B-9ABA-BC803B73C61A}") = "websvc", ".", "{1E2BA53F-6424-40CF-BD27-6282C759A313}"
	ProjectSection(WebsiteProperties) = preProject
		TargetFrameworkMoniker = ".NETFramework,Version%3Dv4.0"
		Debug.AspNetCompiler.VirtualPath = "/websvc"
		Debug.AspNetCompiler.PhysicalPath = "..\websvc\"
		Debug.AspNetCompiler.TargetPath = "PrecompiledWeb\websvc\"
		Debug.AspNetCompiler.Updateable = "true"
		Debug.AspNetCompiler.ForceOverwrite = "true"
		Debug.AspNetCompiler.FixedNames = "false"
		Debug.AspNetCompiler.Debug = "True"
		Release.AspNetCompiler.VirtualPath = "/websvc"
		Release.AspNetCompiler.PhysicalPath = "..\websvc\"
		Release.AspNetCompiler.TargetPath = "PrecompiledWeb\websvc\"
		Release.AspNetCompiler.Updateable = "true"
		Release.AspNetCompiler.ForceOverwrite = "true"
		Release.AspNetCompiler.FixedNames = "false"
		Release.AspNetCompiler.Debug = "False"
		VWDPort = "49287"
	EndProjectSection
EndProject
Global
	GlobalSection(SolutionConfigurationPlatforms) = preSolution
		Debug|Any CPU = Debug|Any CPU
	EndGlobalSection
	GlobalSection(ProjectConfigurationPlatforms) = postSolution
		{1E2BA53F-6424-40CF-BD27-6282C759A313}.Debug|Any CPU.ActiveCfg = Debug|Any CPU
		{1E2BA53F-6424-40CF-BD27-6282C759A313}.Debug|Any CPU.Build.0 = Debug|Any CPU
	EndGlobalSection
	GlobalSection(SolutionProperties) = preSolution
		HideSolutionNode = FALSE
	EndGlobalSection
EndGlobal
